<?xml version="1.0" encoding="utf-8"?>
<Project ToolsVersion="4.0" xmlns="http://schemas.microsoft.com/developer/msbuild/2003">
  <ItemGroup>
    <Filter Include="Source Files">
      <UniqueIdentifier>{4FC737F1-C7A5-4376-A066-2A32D752A2FF}</UniqueIdentifier>
      <Extensions>cpp;c;cc;cxx</Extensions>
    </Filter>
    <Filter Include="Header Files">
      <UniqueIdentifier>{93995380-89BD-4B04-88EB-625FBE52EBFB}</UniqueIdentifier>
      <Extensions>h;hpp;hxx</Extensions>
    </Filter>
  </ItemGroup>
  <ItemGroup>
    <ClCompile Include="src\binds.cpp">
      <Filter>Source Files</Filter>
    </ClCompile>
    <ClCompile Include="src\callbacks.cpp">
      <Filter>Source Files</Filter>
    </ClCompile>
    <ClCompile Include="src\camera_math.cpp">
      <Filter>Source Files</Filter>
    </ClCompile>
    <ClCompile Include="src\camera_mods.cpp">
      <Filter>Source Files</Filter>
    </ClCompile>
    <ClCompile Include="src\commands.cpp">
      <Filter>Source Files</Filter>
    </ClCompile>
    <ClCompile Include="src\crash_handler.cpp">
      <Filter>Source Files</Filter>
    </ClCompile>
    <ClCompile Include="src\directx.cpp">
      <Filter>Source Files</Filter>
    </ClCompile>
    <ClCompile Include="src\dllmain.cpp">
      <Filter>Source Files</Filter>
    </ClCompile>
    <ClCompile Include="src\entity_manager.cpp">
      <Filter>Source Files</Filter>
    </ClCompile>
    <ClCompile Include="src\game_functions.cpp">
      <Filter>Source Files</Filter>
    </ClCompile>
    <ClCompile Include="src\hooks.cpp">
      <Filter>Source Files</Filter>
    </ClCompile>
    <ClCompile Include="src\hook_wrapper.cpp">
      <Filter>Source Files</Filter>
    </ClCompile>
    <ClCompile Include="src\logger.cpp">
      <Filter>Source Files</Filter>
    </ClCompile>
    <ClCompile Include="src\memory.cpp">
      <Filter>Source Files</Filter>
    </ClCompile>
    <ClCompile Include="src\mouse_mods.cpp">
      <Filter>Source Files</Filter>
    </ClCompile>
    <ClCompile Include="src\nameplate.cpp">
      <Filter>Source Files</Filter>
    </ClCompile>
    <ClCompile Include="src\no_fog.cpp">
      <Filter>Source Files</Filter>
    </ClCompile>
    <ClCompile Include="src\sound_mods.cpp">
      <Filter>Source Files</Filter>
    </ClCompile>
    <ClCompile Include="src\chat_timestamp.cpp">
      <Filter>Source Files</Filter>
    </ClCompile>
    <ClCompile Include="src\floating_damage.cpp">
      <Filter>Source Files</Filter>
    </ClCompile>
    <ClCompile Include="src\hide_corpse.cpp">
      <Filter>Source Files</Filter>
    </ClCompile>
    <ClCompile Include="src\target_ring.cpp">
      <Filter>Source Files</Filter>
    </ClCompile>
    <ClCompile Include="src\rcp_options_ui.cpp">
      <Filter>Source Files</Filter>
    </ClCompile>
    <ClCompile Include="src\rcp.cpp">
      <Filter>Source Files</Filter>
    </ClCompile>
    <ClCompile Include="src\string_util.cpp">
      <Filter>Source Files</Filter>
    </ClCompile>
    <ClCompile Include="src\ui_manager.cpp">
      <Filter>Source Files</Filter>
    </ClCompile>
    <ClCompile Include="src\ui_options.cpp">
      <Filter>Source Files</Filter>
    </ClCompile>
    <ClCompile Include="src\ui_skin.cpp">
      <Filter>Source Files</Filter>
    </ClCompile>
    <ClCompile Include="src\vectors.cpp">
      <Filter>Source Files</Filter>
    </ClCompile>
    <ClCompile Include="src\rcp_settings.cpp">
      <Filter>Source Files</Filter>
    </ClCompile>
    <ClCompile Include="src\window_watch.cpp">
      <Filter>Source Files</Filter>
    </ClCompile>
  </ItemGroup>
  <ItemGroup>
    <ClInclude Include="src\binds.h">
      <Filter>Header Files</Filter>
    </ClInclude>
    <ClInclude Include="src\callbacks.h">
      <Filter>Header Files</Filter>
    </ClInclude>
    <ClInclude Include="src\camera_math.h">
      <Filter>Header Files</Filter>
    </ClInclude>
    <ClInclude Include="src\camera_mods.h">
      <Filter>Header Files</Filter>
    </ClInclude>
    <ClInclude Include="src\commands.h">
      <Filter>Header Files</Filter>
    </ClInclude>
    <ClInclude Include="src\compat.h">
      <Filter>Header Files</Filter>
    </ClInclude>
    <ClInclude Include="src\crash_handler.h">
      <Filter>Header Files</Filter>
    </ClInclude>
    <ClInclude Include="src\directx.h">
      <Filter>Header Files</Filter>
    </ClInclude>
    <ClInclude Include="src\entity_manager.h">
      <Filter>Header Files</Filter>
    </ClInclude>
    <ClInclude Include="src\game_addresses.h">
      <Filter>Header Files</Filter>
    </ClInclude>
    <ClInclude Include="src\game_functions.h">
      <Filter>Header Files</Filter>
    </ClInclude>
    <ClInclude Include="src\game_packets.h">
      <Filter>Header Files</Filter>
    </ClInclude>
    <ClInclude Include="src\game_structures.h">
      <Filter>Header Files</Filter>
    </ClInclude>
    <ClInclude Include="src\game_ui.h">
      <Filter>Header Files</Filter>
    </ClInclude>
    <ClInclude Include="src\hooks.h">
      <Filter>Header Files</Filter>
    </ClInclude>
    <ClInclude Include="src\hook_wrapper.h">
      <Filter>Header Files</Filter>
    </ClInclude>
    <ClInclude Include="src\instruction_length.h">
      <Filter>Header Files</Filter>
    </ClInclude>
    <ClInclude Include="src\io_ini.h">
      <Filter>Header Files</Filter>
    </ClInclude>
    <ClInclude Include="src\logger.h">
      <Filter>Header Files</Filter>
    </ClInclude>
    <ClInclude Include="src\memory.h">
      <Filter>Header Files</Filter>
    </ClInclude>
    <ClInclude Include="src\mouse_mods.h">
      <Filter>Header Files</Filter>
    </ClInclude>
    <ClInclude Include="src\nameplate.h">
      <Filter>Header Files</Filter>
    </ClInclude>
    <ClInclude Include="src\no_fog.h">
      <Filter>Header Files</Filter>
    </ClInclude>
    <ClInclude Include="src\sound_mods.h">
      <Filter>Header Files</Filter>
    </ClInclude>
    <ClInclude Include="src\chat_timestamp.h">
      <Filter>Header Files</Filter>
    </ClInclude>
    <ClInclude Include="src\floating_damage.h">
      <Filter>Header Files</Filter>
    </ClInclude>
    <ClInclude Include="src\hide_corpse.h">
      <Filter>Header Files</Filter>
    </ClInclude>
    <ClInclude Include="src\target_ring.h">
      <Filter>Header Files</Filter>
    </ClInclude>
    <ClInclude Include="src\rcp_options_ui.h">
      <Filter>Header Files</Filter>
    </ClInclude>
    <ClInclude Include="src\operator_overloads.h">
      <Filter>Header Files</Filter>
    </ClInclude>
    <ClInclude Include="src\rcp.h">
      <Filter>Header Files</Filter>
    </ClInclude>
    <ClInclude Include="src\string_util.h">
      <Filter>Header Files</Filter>
    </ClInclude>
    <ClInclude Include="src\ui_manager.h">
      <Filter>Header Files</Filter>
    </ClInclude>
    <ClInclude Include="src\ui_options.h">
      <Filter>Header Files</Filter>
    </ClInclude>
    <ClInclude Include="src\ui_skin.h">
      <Filter>Header Files</Filter>
    </ClInclude>
    <ClInclude Include="src\vectors.h">
      <Filter>Header Files</Filter>
    </ClInclude>
    <ClInclude Include="src\rcp_settings.h">
      <Filter>Header Files</Filter>
    </ClInclude>
    <ClInclude Include="src\window_watch.h">
      <Filter>Header Files</Filter>
    </ClInclude>
  </ItemGroup>
</Project>
